
Microsoft Visual Studio Solution File, Format Version 11.00
# Visual Studio 2010
Project("{FAE04EC0-301F-11D3-BF4B-00C04F79EFBC}") = "Publisher", "Publisher.csproj", "{D71E5505-5ED3-4B62-95CC-332B7C6FD786}"
EndProject
Project("{FAE04EC0-301F-11D3-BF4B-00C04F79EFBC}") = "PSDWatchDog", "..\PSDWatchDog\PSDWatchDog.csproj", "{FA3529BF-2736-49E6-927C-137B0A0F808D}"
EndProject
Global
	GlobalSection(SubversionScc) = preSolution
		Svn-Managed = True
		Manager = AnkhSVN - Subversion Support for Visual Studio
	EndGlobalSection
	GlobalSection(SolutionConfigurationPlatforms) = preSolution
		Debug|Any CPU = Debug|Any CPU
		Debug|Mixed Platforms = Debug|Mixed Platforms
		Debug|x86 = Debug|x86
		Release|Any CPU = Release|Any CPU
		Release|Mixed Platforms = Release|Mixed Platforms
		Release|x86 = Release|x86
	EndGlobalSection
	GlobalSection(ProjectConfigurationPlatforms) = postSolution
		{D71E5505-5ED3-4B62-95CC-332B7C6FD786}.Debug|Any CPU.ActiveCfg = Debug|x86
		{D71E5505-5ED3-4B62-95CC-332B7C6FD786}.Debug|Mixed Platforms.ActiveCfg = Debug|x86
		{D71E5505-5ED3-4B62-95CC-332B7C6FD786}.Debug|Mixed Platforms.Build.0 = Debug|x86
		{D71E5505-5ED3-4B62-95CC-332B7C6FD786}.Debug|x86.ActiveCfg = Debug|x86
		{D71E5505-5ED3-4B62-95CC-332B7C6FD786}.Debug|x86.Build.0 = Debug|x86
		{D71E5505-5ED3-4B62-95CC-332B7C6FD786}.Release|Any CPU.ActiveCfg = Release|x86
		{D71E5505-5ED3-4B62-95CC-332B7C6FD786}.Release|Mixed Platforms.ActiveCfg = Release|x86
		{D71E5505-5ED3-4B62-95CC-332B7C6FD786}.Release|Mixed Platforms.Build.0 = Release|x86
		{D71E5505-5ED3-4B62-95CC-332B7C6FD786}.Release|x86.ActiveCfg = Release|x86
		{D71E5505-5ED3-4B62-95CC-332B7C6FD786}.Release|x86.Build.0 = Release|x86
		{FA3529BF-2736-49E6-927C-137B0A0F808D}.Debug|Any CPU.ActiveCfg = Debug|Any CPU
		{FA3529BF-2736-49E6-927C-137B0A0F808D}.Debug|Any CPU.Build.0 = Debug|Any CPU
		{FA3529BF-2736-49E6-927C-137B0A0F808D}.Debug|Mixed Platforms.ActiveCfg = Debug|Any CPU
		{FA3529BF-2736-49E6-927C-137B0A0F808D}.Debug|Mixed Platforms.Build.0 = Debug|Any CPU
		{FA3529BF-2736-49E6-927C-137B0A0F808D}.Debug|x86.ActiveCfg = Debug|Any CPU
		{FA3529BF-2736-49E6-927C-137B0A0F808D}.Release|Any CPU.ActiveCfg = Release|Any CPU
		{FA3529BF-2736-49E6-927C-137B0A0F808D}.Release|Any CPU.Build.0 = Release|Any CPU
		{FA3529BF-2736-49E6-927C-137B0A0F808D}.Release|Mixed Platforms.ActiveCfg = Release|Any CPU
		{FA3529BF-2736-49E6-927C-137B0A0F808D}.Release|Mixed Platforms.Build.0 = Release|Any CPU
		{FA3529BF-2736-49E6-927C-137B0A0F808D}.Release|x86.ActiveCfg = Release|Any CPU
	EndGlobalSection
	GlobalSection(SolutionProperties) = preSolution
		HideSolutionNode = FALSE
	EndGlobalSection
EndGlobal
